
Microsoft Visual Studio Solution File, Format Version 12.00
# Visual Studio Version 17
VisualStudioVersion = 17.14.36221.1
MinimumVisualStudioVersion = 10.0.40219.1
Project("{FAE04EC0-301F-11D3-BF4B-00C04F79EFBC}") = "Nashet", "Nashet\Nashet.csproj", "{3AEC6F5A-1664-4496-AA4A-94AE09D0F33F}"
EndProject
Project("{FAE04EC0-301F-11D3-BF4B-00C04F79EFBC}") = "Nashet.Data", "Nashet.Data\Nashet.Data.csproj", "{A69ADE49-9A4D-4DAD-B3EC-F5DFF8F228DD}"
EndProject
Project("{FAE04EC0-301F-11D3-BF4B-00C04F79EFBC}") = "Nashet.Business", "Nashet.Business\Nashet.Business.csproj", "{747F7D24-74C1-4B31-88E9-11FC1D512EDD}"
EndProject
Global
	GlobalSection(SolutionConfigurationPlatforms) = preSolution
		Debug|Any CPU = Debug|Any CPU
		Release|Any CPU = Release|Any CPU
	EndGlobalSection
	GlobalSection(ProjectConfigurationPlatforms) = postSolution
		{3AEC6F5A-1664-4496-AA4A-94AE09D0F33F}.Debug|Any CPU.ActiveCfg = Debug|Any CPU
		{3AEC6F5A-1664-4496-AA4A-94AE09D0F33F}.Debug|Any CPU.Build.0 = Debug|Any CPU
		{3AEC6F5A-1664-4496-AA4A-94AE09D0F33F}.Release|Any CPU.ActiveCfg = Release|Any CPU
		{3AEC6F5A-1664-4496-AA4A-94AE09D0F33F}.Release|Any CPU.Build.0 = Release|Any CPU
		{A69ADE49-9A4D-4DAD-B3EC-F5DFF8F228DD}.Debug|Any CPU.ActiveCfg = Debug|Any CPU
		{A69ADE49-9A4D-4DAD-B3EC-F5DFF8F228DD}.Debug|Any CPU.Build.0 = Debug|Any CPU
		{A69ADE49-9A4D-4DAD-B3EC-F5DFF8F228DD}.Release|Any CPU.ActiveCfg = Release|Any CPU
		{A69ADE49-9A4D-4DAD-B3EC-F5DFF8F228DD}.Release|Any CPU.Build.0 = Release|Any CPU
		{747F7D24-74C1-4B31-88E9-11FC1D512EDD}.Debug|Any CPU.ActiveCfg = Debug|Any CPU
		{747F7D24-74C1-4B31-88E9-11FC1D512EDD}.Debug|Any CPU.Build.0 = Debug|Any CPU
		{747F7D24-74C1-4B31-88E9-11FC1D512EDD}.Release|Any CPU.ActiveCfg = Release|Any CPU
		{747F7D24-74C1-4B31-88E9-11FC1D512EDD}.Release|Any CPU.Build.0 = Release|Any CPU
	EndGlobalSection
	GlobalSection(SolutionProperties) = preSolution
		HideSolutionNode = FALSE
	EndGlobalSection
	GlobalSection(ExtensibilityGlobals) = postSolution
		SolutionGuid = {AFB790C7-5DE4-4801-B584-36E60E123DEA}
	EndGlobalSection
EndGlobal
